// !$*UTF8*$!
{
	archiveVersion = 1;
	classes = {
	};
	objectVersion = 56;
	objects = {

/* Begin PBXBuildFile section */
		AF1E41912959A04900E04277 /* TransitionPlayerView.swift in Sources */ = {isa = PBXBuildFile; fileRef = AF1E41902959A04900E04277 /* TransitionPlayerView.swift */; };
		AF1E41942959AAA700E04277 /* AVPlayerRepresented.swift in Sources */ = {isa = PBXBuildFile; fileRef = AF1E41932959AAA700E04277 /* AVPlayerRepresented.swift */; };
		AF1E41972959BA0200E04277 /* TransitionPlayerViewModel.swift in Sources */ = {isa = PBXBuildFile; fileRef = AF1E41962959BA0200E04277 /* TransitionPlayerViewModel.swift */; };
		AF1E419B2959BDA500E04277 /* HomeView.swift in Sources */ = {isa = PBXBuildFile; fileRef = AF1E419A2959BDA500E04277 /* HomeView.swift */; };
		AF1E419D2959BFC300E04277 /* HomeToolBarView.swift in Sources */ = {isa = PBXBuildFile; fileRef = AF1E419C2959BFC300E04277 /* HomeToolBarView.swift */; };
		AF1E41A1295AE6BC00E04277 /* HeaderVideoView.swift in Sources */ = {isa = PBXBuildFile; fileRef = AF1E41A0295AE6BC00E04277 /* HeaderVideoView.swift */; };
		AF1E41A4295AEB1900E04277 /* HomeViewModel.swift in Sources */ = {isa = PBXBuildFile; fileRef = AF1E41A3295AEB1900E04277 /* HomeViewModel.swift */; };
		AF1E41A9295C1FA100E04277 /* ListHeaderView.swift in Sources */ = {isa = PBXBuildFile; fileRef = AF1E41A8295C1FA100E04277 /* ListHeaderView.swift */; };
		AF1E41AB295C24F500E04277 /* ContentCellView.swift in Sources */ = {isa = PBXBuildFile; fileRef = AF1E41AA295C24F500E04277 /* ContentCellView.swift */; };
		AF1E41AD295C255C00E04277 /* ListView.swift in Sources */ = {isa = PBXBuildFile; fileRef = AF1E41AC295C255C00E04277 /* ListView.swift */; };
		AF1E41B1295C340300E04277 /* avatar-intro.mp4 in Resources */ = {isa = PBXBuildFile; fileRef = AF1E41B0295C340300E04277 /* avatar-intro.mp4 */; };
		AF1E41B3295D7ED300E04277 /* movies.json in Resources */ = {isa = PBXBuildFile; fileRef = AF1E41B2295D7ED300E04277 /* movies.json */; };
		AF1E41B6295E148E00E04277 /* ContentModel.swift in Sources */ = {isa = PBXBuildFile; fileRef = AF1E41B5295E148E00E04277 /* ContentModel.swift */; };
		AF1E41BB295EFDED00E04277 /* PlayerViewModel.swift in Sources */ = {isa = PBXBuildFile; fileRef = AF1E41BA295EFDED00E04277 /* PlayerViewModel.swift */; };
		AF1E41BD295EFF0B00E04277 /* PlayerView.swift in Sources */ = {isa = PBXBuildFile; fileRef = AF1E41BC295EFF0B00E04277 /* PlayerView.swift */; };
		AF1E41C12960277300E04277 /* PlayerButtonViewModifier.swift in Sources */ = {isa = PBXBuildFile; fileRef = AF1E41C02960277300E04277 /* PlayerButtonViewModifier.swift */; };
		AF1E41C42960283C00E04277 /* View.swift in Sources */ = {isa = PBXBuildFile; fileRef = AF1E41C32960283C00E04277 /* View.swift */; };
		AF6575B62926242D0069C2DF /* NetflixCloneSwiftUIMacOSApp.swift in Sources */ = {isa = PBXBuildFile; fileRef = AF6575B52926242D0069C2DF /* NetflixCloneSwiftUIMacOSApp.swift */; };
		AF6575BA2926242E0069C2DF /* Assets.xcassets in Resources */ = {isa = PBXBuildFile; fileRef = AF6575B92926242E0069C2DF /* Assets.xcassets */; };
		AF6575BD2926242E0069C2DF /* Preview Assets.xcassets in Resources */ = {isa = PBXBuildFile; fileRef = AF6575BC2926242E0069C2DF /* Preview Assets.xcassets */; };
		AF6575CD29263A910069C2DF /* netflix-intro-for-movie.mp4 in Resources */ = {isa = PBXBuildFile; fileRef = AF6575CB29263A910069C2DF /* netflix-intro-for-movie.mp4 */; };
		AF6575CE29263A910069C2DF /* netflix-intro-for-launch.mp4 in Resources */ = {isa = PBXBuildFile; fileRef = AF6575CC29263A910069C2DF /* netflix-intro-for-launch.mp4 */; };
		AF8FE8C82962C38D00204EF7 /* ContentExpandedView.swift in Sources */ = {isa = PBXBuildFile; fileRef = AF8FE8C72962C38D00204EF7 /* ContentExpandedView.swift */; };
		AF8FE8CA2962C4B300204EF7 /* ContentExpandedViewModel.swift in Sources */ = {isa = PBXBuildFile; fileRef = AF8FE8C92962C4B300204EF7 /* ContentExpandedViewModel.swift */; };
		AF8FE8CC2964005E00204EF7 /* ContentExpandedCell.swift in Sources */ = {isa = PBXBuildFile; fileRef = AF8FE8CB2964005E00204EF7 /* ContentExpandedCell.swift */; };
		AF8FE8CF29641F5500204EF7 /* ContentAPI.swift in Sources */ = {isa = PBXBuildFile; fileRef = AF8FE8CE29641F5500204EF7 /* ContentAPI.swift */; };
		AF8FE8D22964239A00204EF7 /* Realm in Frameworks */ = {isa = PBXBuildFile; productRef = AF8FE8D12964239A00204EF7 /* Realm */; };
		AF8FE8D42964239A00204EF7 /* RealmSwift in Frameworks */ = {isa = PBXBuildFile; productRef = AF8FE8D32964239A00204EF7 /* RealmSwift */; };
/* End PBXBuildFile section */

/* Begin PBXFileReference section */
		AF1E41902959A04900E04277 /* TransitionPlayerView.swift */ = {isa = PBXFileReference; lastKnownFileType = sourcecode.swift; path = TransitionPlayerView.swift; sourceTree = "<group>"; };
		AF1E41932959AAA700E04277 /* AVPlayerRepresented.swift */ = {isa = PBXFileReference; lastKnownFileType = sourcecode.swift; path = AVPlayerRepresented.swift; sourceTree = "<group>"; };
		AF1E41962959BA0200E04277 /* TransitionPlayerViewModel.swift */ = {isa = PBXFileReference; lastKnownFileType = sourcecode.swift; path = TransitionPlayerViewModel.swift; sourceTree = "<group>"; };
		AF1E419A2959BDA500E04277 /* HomeView.swift */ = {isa = PBXFileReference; lastKnownFileType = sourcecode.swift; path = HomeView.swift; sourceTree = "<group>"; };
		AF1E419C2959BFC300E04277 /* HomeToolBarView.swift */ = {isa = PBXFileReference; lastKnownFileType = sourcecode.swift; path = HomeToolBarView.swift; sourceTree = "<group>"; };
		AF1E41A0295AE6BC00E04277 /* HeaderVideoView.swift */ = {isa = PBXFileReference; lastKnownFileType = sourcecode.swift; path = HeaderVideoView.swift; sourceTree = "<group>"; };
		AF1E41A3295AEB1900E04277 /* HomeViewModel.swift */ = {isa = PBXFileReference; lastKnownFileType = sourcecode.swift; path = HomeViewModel.swift; sourceTree = "<group>"; };
		AF1E41A8295C1FA100E04277 /* ListHeaderView.swift */ = {isa = PBXFileReference; lastKnownFileType = sourcecode.swift; path = ListHeaderView.swift; sourceTree = "<group>"; };
		AF1E41AA295C24F500E04277 /* ContentCellView.swift */ = {isa = PBXFileReference; lastKnownFileType = sourcecode.swift; path = ContentCellView.swift; sourceTree = "<group>"; };
		AF1E41AC295C255C00E04277 /* ListView.swift */ = {isa = PBXFileReference; lastKnownFileType = sourcecode.swift; path = ListView.swift; sourceTree = "<group>"; };
		AF1E41B0295C340300E04277 /* avatar-intro.mp4 */ = {isa = PBXFileReference; lastKnownFileType = file; path = "avatar-intro.mp4"; sourceTree = "<group>"; };
		AF1E41B2295D7ED300E04277 /* movies.json */ = {isa = PBXFileReference; lastKnownFileType = text.json; path = movies.json; sourceTree = "<group>"; };
		AF1E41B5295E148E00E04277 /* ContentModel.swift */ = {isa = PBXFileReference; lastKnownFileType = sourcecode.swift; path = ContentModel.swift; sourceTree = "<group>"; };
		AF1E41BA295EFDED00E04277 /* PlayerViewModel.swift */ = {isa = PBXFileReference; lastKnownFileType = sourcecode.swift; path = PlayerViewModel.swift; sourceTree = "<group>"; };
		AF1E41BC295EFF0B00E04277 /* PlayerView.swift */ = {isa = PBXFileReference; lastKnownFileType = sourcecode.swift; path = PlayerView.swift; sourceTree = "<group>"; };
		AF1E41BE295F037300E04277 /* Info.plist */ = {isa = PBXFileReference; lastKnownFileType = text.plist; path = Info.plist; sourceTree = "<group>"; };
		AF1E41C02960277300E04277 /* PlayerButtonViewModifier.swift */ = {isa = PBXFileReference; lastKnownFileType = sourcecode.swift; path = PlayerButtonViewModifier.swift; sourceTree = "<group>"; };
		AF1E41C32960283C00E04277 /* View.swift */ = {isa = PBXFileReference; lastKnownFileType = sourcecode.swift; path = View.swift; sourceTree = "<group>"; };
		AF6575B22926242D0069C2DF /* NetflixCloneSwiftUIMacOS.app */ = {isa = PBXFileReference; explicitFileType = wrapper.application; includeInIndex = 0; path = NetflixCloneSwiftUIMacOS.app; sourceTree = BUILT_PRODUCTS_DIR; };
		AF6575B52926242D0069C2DF /* NetflixCloneSwiftUIMacOSApp.swift */ = {isa = PBXFileReference; lastKnownFileType = sourcecode.swift; path = NetflixCloneSwiftUIMacOSApp.swift; sourceTree = "<group>"; };
		AF6575B92926242E0069C2DF /* Assets.xcassets */ = {isa = PBXFileReference; lastKnownFileType = folder.assetcatalog; path = Assets.xcassets; sourceTree = "<group>"; };
		AF6575BC2926242E0069C2DF /* Preview Assets.xcassets */ = {isa = PBXFileReference; lastKnownFileType = folder.assetcatalog; path = "Preview Assets.xcassets"; sourceTree = "<group>"; };
		AF6575BE2926242E0069C2DF /* NetflixCloneSwiftUIMacOS.entitlements */ = {isa = PBXFileReference; lastKnownFileType = text.plist.entitlements; path = NetflixCloneSwiftUIMacOS.entitlements; sourceTree = "<group>"; };
		AF6575CB29263A910069C2DF /* netflix-intro-for-movie.mp4 */ = {isa = PBXFileReference; lastKnownFileType = file; path = "netflix-intro-for-movie.mp4"; sourceTree = "<group>"; };
		AF6575CC29263A910069C2DF /* netflix-intro-for-launch.mp4 */ = {isa = PBXFileReference; lastKnownFileType = file; path = "netflix-intro-for-launch.mp4"; sourceTree = "<group>"; };
		AF8FE8C72962C38D00204EF7 /* ContentExpandedView.swift */ = {isa = PBXFileReference; lastKnownFileType = sourcecode.swift; path = ContentExpandedView.swift; sourceTree = "<group>"; };
		AF8FE8C92962C4B300204EF7 /* ContentExpandedViewModel.swift */ = {isa = PBXFileReference; lastKnownFileType = sourcecode.swift; path = ContentExpandedViewModel.swift; sourceTree = "<group>"; };
		AF8FE8CB2964005E00204EF7 /* ContentExpandedCell.swift */ = {isa = PBXFileReference; lastKnownFileType = sourcecode.swift; path = ContentExpandedCell.swift; sourceTree = "<group>"; };
		AF8FE8CE29641F5500204EF7 /* ContentAPI.swift */ = {isa = PBXFileReference; lastKnownFileType = sourcecode.swift; path = ContentAPI.swift; sourceTree = "<group>"; };
/* End PBXFileReference section */

/* Begin PBXFrameworksBuildPhase section */
		AF6575AF2926242D0069C2DF /* Frameworks */ = {
			isa = PBXFrameworksBuildPhase;
			buildActionMask = 2147483647;
			files = (
				AF8FE8D42964239A00204EF7 /* RealmSwift in Frameworks */,
				AF8FE8D22964239A00204EF7 /* Realm in Frameworks */,
			);
			runOnlyForDeploymentPostprocessing = 0;
		};
/* End PBXFrameworksBuildPhase section */

/* Begin PBXGroup section */
		AF1E418D29599FF700E04277 /* Core */ = {
			isa = PBXGroup;
			children = (
				AF1E41BF2960263600E04277 /* Components */,
				AF1E41982959BD9200E04277 /* Home */,
				AF1E418E29599FFC00E04277 /* TransitionPlayer */,
				AF1E41A5295C1F4C00E04277 /* Content */,
				AF8FE8C42962C36500204EF7 /* ContentExpanded */,
				AF1E41B7295EFDCF00E04277 /* Player */,
			);
			path = Core;
			sourceTree = "<group>";
		};
		AF1E418E29599FFC00E04277 /* TransitionPlayer */ = {
			isa = PBXGroup;
			children = (
				AF1E41952959B9F000E04277 /* ViewModel */,
				AF1E418F2959A03400E04277 /* Views */,
			);
			path = TransitionPlayer;
			sourceTree = "<group>";
		};
		AF1E418F2959A03400E04277 /* Views */ = {
			isa = PBXGroup;
			children = (
				AF1E41902959A04900E04277 /* TransitionPlayerView.swift */,
				AF1E41932959AAA700E04277 /* AVPlayerRepresented.swift */,
			);
			path = Views;
			sourceTree = "<group>";
		};
		AF1E41922959A30500E04277 /* videos */ = {
			isa = PBXGroup;
			children = (
				AF1E41B0295C340300E04277 /* avatar-intro.mp4 */,
				AF6575CC29263A910069C2DF /* netflix-intro-for-launch.mp4 */,
				AF6575CB29263A910069C2DF /* netflix-intro-for-movie.mp4 */,
			);
			path = videos;
			sourceTree = "<group>";
		};
		AF1E41952959B9F000E04277 /* ViewModel */ = {
			isa = PBXGroup;
			children = (
				AF1E41962959BA0200E04277 /* TransitionPlayerViewModel.swift */,
			);
			path = ViewModel;
			sourceTree = "<group>";
		};
		AF1E41982959BD9200E04277 /* Home */ = {
			isa = PBXGroup;
			children = (
				AF1E41A2295AEB0700E04277 /* ViewModel */,
				AF1E41992959BD9800E04277 /* Views */,
			);
			path = Home;
			sourceTree = "<group>";
		};
		AF1E41992959BD9800E04277 /* Views */ = {
			isa = PBXGroup;
			children = (
				AF1E419A2959BDA500E04277 /* HomeView.swift */,
				AF1E419C2959BFC300E04277 /* HomeToolBarView.swift */,
				AF1E41A0295AE6BC00E04277 /* HeaderVideoView.swift */,
			);
			path = Views;
			sourceTree = "<group>";
		};
		AF1E41A2295AEB0700E04277 /* ViewModel */ = {
			isa = PBXGroup;
			children = (
				AF1E41A3295AEB1900E04277 /* HomeViewModel.swift */,
			);
			path = ViewModel;
			sourceTree = "<group>";
		};
		AF1E41A5295C1F4C00E04277 /* Content */ = {
			isa = PBXGroup;
			children = (
				AF1E41A7295C1F6100E04277 /* ViewModel */,
				AF1E41A6295C1F5B00E04277 /* Views */,
			);
			path = Content;
			sourceTree = "<group>";
		};
		AF1E41A6295C1F5B00E04277 /* Views */ = {
			isa = PBXGroup;
			children = (
				AF1E41A8295C1FA100E04277 /* ListHeaderView.swift */,
				AF1E41AA295C24F500E04277 /* ContentCellView.swift */,
				AF1E41AC295C255C00E04277 /* ListView.swift */,
			);
			path = Views;
			sourceTree = "<group>";
		};
		AF1E41A7295C1F6100E04277 /* ViewModel */ = {
			isa = PBXGroup;
			children = (
			);
			path = ViewModel;
			sourceTree = "<group>";
		};
		AF1E41B4295E147F00E04277 /* Model */ = {
			isa = PBXGroup;
			children = (
				AF1E41B5295E148E00E04277 /* ContentModel.swift */,
			);
			path = Model;
			sourceTree = "<group>";
		};
		AF1E41B7295EFDCF00E04277 /* Player */ = {
			isa = PBXGroup;
			children = (
				AF1E41B9295EFDDB00E04277 /* ViewModel */,
				AF1E41B8295EFDD700E04277 /* Views */,
			);
			path = Player;
			sourceTree = "<group>";
		};
		AF1E41B8295EFDD700E04277 /* Views */ = {
			isa = PBXGroup;
			children = (
				AF1E41BC295EFF0B00E04277 /* PlayerView.swift */,
			);
			path = Views;
			sourceTree = "<group>";
		};
		AF1E41B9295EFDDB00E04277 /* ViewModel */ = {
			isa = PBXGroup;
			children = (
				AF1E41BA295EFDED00E04277 /* PlayerViewModel.swift */,
			);
			path = ViewModel;
			sourceTree = "<group>";
		};
		AF1E41BF2960263600E04277 /* Components */ = {
			isa = PBXGroup;
			children = (
				AF1E41C02960277300E04277 /* PlayerButtonViewModifier.swift */,
			);
			path = Components;
			sourceTree = "<group>";
		};
		AF1E41C2296027FF00E04277 /* Extensions */ = {
			isa = PBXGroup;
			children = (
				AF1E41C32960283C00E04277 /* View.swift */,
			);
			path = Extensions;
			sourceTree = "<group>";
		};
		AF6575A92926242D0069C2DF = {
			isa = PBXGroup;
			children = (
				AF6575B42926242D0069C2DF /* NetflixCloneSwiftUIMacOS */,
				AF6575B32926242D0069C2DF /* Products */,
			);
			sourceTree = "<group>";
		};
		AF6575B32926242D0069C2DF /* Products */ = {
			isa = PBXGroup;
			children = (
				AF6575B22926242D0069C2DF /* NetflixCloneSwiftUIMacOS.app */,
			);
			name = Products;
			sourceTree = "<group>";
		};
		AF6575B42926242D0069C2DF /* NetflixCloneSwiftUIMacOS */ = {
			isa = PBXGroup;
			children = (
				AF1E41BE295F037300E04277 /* Info.plist */,
				AF8FE8CD29641F4000204EF7 /* API */,
				AF1E41B4295E147F00E04277 /* Model */,
				AF1E41C2296027FF00E04277 /* Extensions */,
				AF1E418D29599FF700E04277 /* Core */,
				AF6575CA29263A780069C2DF /* Resources */,
				AF6575C4292639E60069C2DF /* App */,
				AF6575BE2926242E0069C2DF /* NetflixCloneSwiftUIMacOS.entitlements */,
				AF6575BB2926242E0069C2DF /* Preview Content */,
			);
			path = NetflixCloneSwiftUIMacOS;
			sourceTree = "<group>";
		};
		AF6575BB2926242E0069C2DF /* Preview Content */ = {
			isa = PBXGroup;
			children = (
				AF6575BC2926242E0069C2DF /* Preview Assets.xcassets */,
			);
			path = "Preview Content";
			sourceTree = "<group>";
		};
		AF6575C4292639E60069C2DF /* App */ = {
			isa = PBXGroup;
			children = (
				AF6575B52926242D0069C2DF /* NetflixCloneSwiftUIMacOSApp.swift */,
			);
			path = App;
			sourceTree = "<group>";
		};
		AF6575CA29263A780069C2DF /* Resources */ = {
			isa = PBXGroup;
			children = (
				AF1E41922959A30500E04277 /* videos */,
				AF6575B92926242E0069C2DF /* Assets.xcassets */,
				AF1E41B2295D7ED300E04277 /* movies.json */,
			);
			path = Resources;
			sourceTree = "<group>";
		};
		AF8FE8C42962C36500204EF7 /* ContentExpanded */ = {
			isa = PBXGroup;
			children = (
				AF8FE8C62962C37800204EF7 /* Views */,
				AF8FE8C52962C37200204EF7 /* ViewModel */,
			);
			path = ContentExpanded;
			sourceTree = "<group>";
		};
		AF8FE8C52962C37200204EF7 /* ViewModel */ = {
			isa = PBXGroup;
			children = (
				AF8FE8C92962C4B300204EF7 /* ContentExpandedViewModel.swift */,
			);
			path = ViewModel;
			sourceTree = "<group>";
		};
		AF8FE8C62962C37800204EF7 /* Views */ = {
			isa = PBXGroup;
			children = (
				AF8FE8C72962C38D00204EF7 /* ContentExpandedView.swift */,
				AF8FE8CB2964005E00204EF7 /* ContentExpandedCell.swift */,
			);
			path = Views;
			sourceTree = "<group>";
		};
		AF8FE8CD29641F4000204EF7 /* API */ = {
			isa = PBXGroup;
			children = (
				AF8FE8CE29641F5500204EF7 /* ContentAPI.swift */,
			);
			path = API;
			sourceTree = "<group>";
		};
/* End PBXGroup section */

/* Begin PBXNativeTarget section */
		AF6575B12926242D0069C2DF /* NetflixCloneSwiftUIMacOS */ = {
			isa = PBXNativeTarget;
			buildConfigurationList = AF6575C12926242E0069C2DF /* Build configuration list for PBXNativeTarget "NetflixCloneSwiftUIMacOS" */;
			buildPhases = (
				AF6575AE2926242D0069C2DF /* Sources */,
				AF6575AF2926242D0069C2DF /* Frameworks */,
				AF6575B02926242D0069C2DF /* Resources */,
			);
			buildRules = (
			);
			dependencies = (
			);
			name = NetflixCloneSwiftUIMacOS;
			packageProductDependencies = (
				AF8FE8D12964239A00204EF7 /* Realm */,
				AF8FE8D32964239A00204EF7 /* RealmSwift */,
			);
			productName = NetflixCloneSwiftUIMacOS;
			productReference = AF6575B22926242D0069C2DF /* NetflixCloneSwiftUIMacOS.app */;
			productType = "com.apple.product-type.application";
		};
/* End PBXNativeTarget section */

/* Begin PBXProject section */
		AF6575AA2926242D0069C2DF /* Project object */ = {
			isa = PBXProject;
			attributes = {
				BuildIndependentTargetsInParallel = 1;
				LastSwiftUpdateCheck = 1410;
				LastUpgradeCheck = 1410;
				TargetAttributes = {
					AF6575B12926242D0069C2DF = {
						CreatedOnToolsVersion = 14.1;
					};
				};
			};
			buildConfigurationList = AF6575AD2926242D0069C2DF /* Build configuration list for PBXProject "NetflixCloneSwiftUIMacOS" */;
			compatibilityVersion = "Xcode 14.0";
			developmentRegion = en;
			hasScannedForEncodings = 0;
			knownRegions = (
				en,
				Base,
			);
			mainGroup = AF6575A92926242D0069C2DF;
			packageReferences = (
				AF8FE8D02964239A00204EF7 /* XCRemoteSwiftPackageReference "realm-swift" */,
			);
			productRefGroup = AF6575B32926242D0069C2DF /* Products */;
			projectDirPath = "";
			projectRoot = "";
			targets = (
				AF6575B12926242D0069C2DF /* NetflixCloneSwiftUIMacOS */,
			);
		};
/* End PBXProject section */

/* Begin PBXResourcesBuildPhase section */
		AF6575B02926242D0069C2DF /* Resources */ = {
			isa = PBXResourcesBuildPhase;
			buildActionMask = 2147483647;
			files = (
				AF1E41B3295D7ED300E04277 /* movies.json in Resources */,
				AF6575BD2926242E0069C2DF /* Preview Assets.xcassets in Resources */,
				AF6575CD29263A910069C2DF /* netflix-intro-for-movie.mp4 in Resources */,
				AF6575CE29263A910069C2DF /* netflix-intro-for-launch.mp4 in Resources */,
				AF6575BA2926242E0069C2DF /* Assets.xcassets in Resources */,
				AF1E41B1295C340300E04277 /* avatar-intro.mp4 in Resources */,
			);
			runOnlyForDeploymentPostprocessing = 0;
		};
/* End PBXResourcesBuildPhase section */

/* Begin PBXSourcesBuildPhase section */
		AF6575AE2926242D0069C2DF /* Sources */ = {
			isa = PBXSourcesBuildPhase;
			buildActionMask = 2147483647;
			files = (
				AF8FE8CF29641F5500204EF7 /* ContentAPI.swift in Sources */,
				AF8FE8CC2964005E00204EF7 /* ContentExpandedCell.swift in Sources */,
				AF8FE8C82962C38D00204EF7 /* ContentExpandedView.swift in Sources */,
				AF8FE8CA2962C4B300204EF7 /* ContentExpandedViewModel.swift in Sources */,
				AF1E41C42960283C00E04277 /* View.swift in Sources */,
				AF1E41A1295AE6BC00E04277 /* HeaderVideoView.swift in Sources */,
				AF1E41942959AAA700E04277 /* AVPlayerRepresented.swift in Sources */,
				AF1E41A9295C1FA100E04277 /* ListHeaderView.swift in Sources */,
				AF1E419D2959BFC300E04277 /* HomeToolBarView.swift in Sources */,
				AF1E41BB295EFDED00E04277 /* PlayerViewModel.swift in Sources */,
				AF1E41A4295AEB1900E04277 /* HomeViewModel.swift in Sources */,
				AF1E41C12960277300E04277 /* PlayerButtonViewModifier.swift in Sources */,
				AF1E41B6295E148E00E04277 /* ContentModel.swift in Sources */,
				AF1E41972959BA0200E04277 /* TransitionPlayerViewModel.swift in Sources */,
				AF1E41AB295C24F500E04277 /* ContentCellView.swift in Sources */,
				AF1E41BD295EFF0B00E04277 /* PlayerView.swift in Sources */,
				AF1E419B2959BDA500E04277 /* HomeView.swift in Sources */,
				AF1E41AD295C255C00E04277 /* ListView.swift in Sources */,
				AF1E41912959A04900E04277 /* TransitionPlayerView.swift in Sources */,
				AF6575B62926242D0069C2DF /* NetflixCloneSwiftUIMacOSApp.swift in Sources */,
			);
			runOnlyForDeploymentPostprocessing = 0;
		};
/* End PBXSourcesBuildPhase section */

/* Begin XCBuildConfiguration section */
		AF6575BF2926242E0069C2DF /* Debug */ = {
			isa = XCBuildConfiguration;
			buildSettings = {
				ALWAYS_SEARCH_USER_PATHS = NO;
				CLANG_ANALYZER_NONNULL = YES;
				CLANG_ANALYZER_NUMBER_OBJECT_CONVERSION = YES_AGGRESSIVE;
				CLANG_CXX_LANGUAGE_STANDARD = "gnu++20";
				CLANG_ENABLE_MODULES = YES;
				CLANG_ENABLE_OBJC_ARC = YES;
				CLANG_ENABLE_OBJC_WEAK = YES;
				CLANG_WARN_BLOCK_CAPTURE_AUTORELEASING = YES;
				CLANG_WARN_BOOL_CONVERSION = YES;
				CLANG_WARN_COMMA = YES;
				CLANG_WARN_CONSTANT_CONVERSION = YES;
				CLANG_WARN_DEPRECATED_OBJC_IMPLEMENTATIONS = YES;
				CLANG_WARN_DIRECT_OBJC_ISA_USAGE = YES_ERROR;
				CLANG_WARN_DOCUMENTATION_COMMENTS = YES;
				CLANG_WARN_EMPTY_BODY = YES;
				CLANG_WARN_ENUM_CONVERSION = YES;
				CLANG_WARN_INFINITE_RECURSION = YES;
				CLANG_WARN_INT_CONVERSION = YES;
				CLANG_WARN_NON_LITERAL_NULL_CONVERSION = YES;
				CLANG_WARN_OBJC_IMPLICIT_RETAIN_SELF = YES;
				CLANG_WARN_OBJC_LITERAL_CONVERSION = YES;
				CLANG_WARN_OBJC_ROOT_CLASS = YES_ERROR;
				CLANG_WARN_QUOTED_INCLUDE_IN_FRAMEWORK_HEADER = YES;
				CLANG_WARN_RANGE_LOOP_ANALYSIS = YES;
				CLANG_WARN_STRICT_PROTOTYPES = YES;
				CLANG_WARN_SUSPICIOUS_MOVE = YES;
				CLANG_WARN_UNGUARDED_AVAILABILITY = YES_AGGRESSIVE;
				CLANG_WARN_UNREACHABLE_CODE = YES;
				CLANG_WARN__DUPLICATE_METHOD_MATCH = YES;
				COPY_PHASE_STRIP = NO;
				DEBUG_INFORMATION_FORMAT = dwarf;
				ENABLE_STRICT_OBJC_MSGSEND = YES;
				ENABLE_TESTABILITY = YES;
				GCC_C_LANGUAGE_STANDARD = gnu11;
				GCC_DYNAMIC_NO_PIC = NO;
				GCC_NO_COMMON_BLOCKS = YES;
				GCC_OPTIMIZATION_LEVEL = 0;
				GCC_PREPROCESSOR_DEFINITIONS = (
					"DEBUG=1",
					"$(inherited)",
				);
				GCC_WARN_64_TO_32_BIT_CONVERSION = YES;
				GCC_WARN_ABOUT_RETURN_TYPE = YES_ERROR;
				GCC_WARN_UNDECLARED_SELECTOR = YES;
				GCC_WARN_UNINITIALIZED_AUTOS = YES_AGGRESSIVE;
				GCC_WARN_UNUSED_FUNCTION = YES;
				GCC_WARN_UNUSED_VARIABLE = YES;
				MACOSX_DEPLOYMENT_TARGET = 13.0;
				MTL_ENABLE_DEBUG_INFO = INCLUDE_SOURCE;
				MTL_FAST_MATH = YES;
				ONLY_ACTIVE_ARCH = YES;
				SDKROOT = macosx;
				SWIFT_ACTIVE_COMPILATION_CONDITIONS = DEBUG;
				SWIFT_OPTIMIZATION_LEVEL = "-Onone";
			};
			name = Debug;
		};
		AF6575C02926242E0069C2DF /* Release */ = {
			isa = XCBuildConfiguration;
			buildSettings = {
				ALWAYS_SEARCH_USER_PATHS = NO;
				CLANG_ANALYZER_NONNULL = YES;
				CLANG_ANALYZER_NUMBER_OBJECT_CONVERSION = YES_AGGRESSIVE;
				CLANG_CXX_LANGUAGE_STANDARD = "gnu++20";
				CLANG_ENABLE_MODULES = YES;
				CLANG_ENABLE_OBJC_ARC = YES;
				CLANG_ENABLE_OBJC_WEAK = YES;
				CLANG_WARN_BLOCK_CAPTURE_AUTORELEASING = YES;
				CLANG_WARN_BOOL_CONVERSION = YES;
				CLANG_WARN_COMMA = YES;
				CLANG_WARN_CONSTANT_CONVERSION = YES;
				CLANG_WARN_DEPRECATED_OBJC_IMPLEMENTATIONS = YES;
				CLANG_WARN_DIRECT_OBJC_ISA_USAGE = YES_ERROR;
				CLANG_WARN_DOCUMENTATION_COMMENTS = YES;
				CLANG_WARN_EMPTY_BODY = YES;
				CLANG_WARN_ENUM_CONVERSION = YES;
				CLANG_WARN_INFINITE_RECURSION = YES;
				CLANG_WARN_INT_CONVERSION = YES;
				CLANG_WARN_NON_LITERAL_NULL_CONVERSION = YES;
				CLANG_WARN_OBJC_IMPLICIT_RETAIN_SELF = YES;
				CLANG_WARN_OBJC_LITERAL_CONVERSION = YES;
				CLANG_WARN_OBJC_ROOT_CLASS = YES_ERROR;
				CLANG_WARN_QUOTED_INCLUDE_IN_FRAMEWORK_HEADER = YES;
				CLANG_WARN_RANGE_LOOP_ANALYSIS = YES;
				CLANG_WARN_STRICT_PROTOTYPES = YES;
				CLANG_WARN_SUSPICIOUS_MOVE = YES;
				CLANG_WARN_UNGUARDED_AVAILABILITY = YES_AGGRESSIVE;
				CLANG_WARN_UNREACHABLE_CODE = YES;
				CLANG_WARN__DUPLICATE_METHOD_MATCH = YES;
				COPY_PHASE_STRIP = NO;
				DEBUG_INFORMATION_FORMAT = "dwarf-with-dsym";
				ENABLE_NS_ASSERTIONS = NO;
				ENABLE_STRICT_OBJC_MSGSEND = YES;
				GCC_C_LANGUAGE_STANDARD = gnu11;
				GCC_NO_COMMON_BLOCKS = YES;
				GCC_WARN_64_TO_32_BIT_CONVERSION = YES;
				GCC_WARN_ABOUT_RETURN_TYPE = YES_ERROR;
				GCC_WARN_UNDECLARED_SELECTOR = YES;
				GCC_WARN_UNINITIALIZED_AUTOS = YES_AGGRESSIVE;
				GCC_WARN_UNUSED_FUNCTION = YES;
				GCC_WARN_UNUSED_VARIABLE = YES;
				MACOSX_DEPLOYMENT_TARGET = 13.0;
				MTL_ENABLE_DEBUG_INFO = NO;
				MTL_FAST_MATH = YES;
				SDKROOT = macosx;
				SWIFT_COMPILATION_MODE = wholemodule;
				SWIFT_OPTIMIZATION_LEVEL = "-O";
			};
			name = Release;
		};
		AF6575C22926242E0069C2DF /* Debug */ = {
			isa = XCBuildConfiguration;
			buildSettings = {
				ASSETCATALOG_COMPILER_APPICON_NAME = AppIcon;
				ASSETCATALOG_COMPILER_GLOBAL_ACCENT_COLOR_NAME = AccentColor;
				CODE_SIGN_ENTITLEMENTS = NetflixCloneSwiftUIMacOS/NetflixCloneSwiftUIMacOS.entitlements;
				CODE_SIGN_STYLE = Automatic;
				COMBINE_HIDPI_IMAGES = YES;
				CURRENT_PROJECT_VERSION = 1;
				DEVELOPMENT_ASSET_PATHS = "\"NetflixCloneSwiftUIMacOS/Preview Content\"";
				DEVELOPMENT_TEAM = SHP38F3EM7;
				ENABLE_HARDENED_RUNTIME = YES;
				ENABLE_PREVIEWS = YES;
				GENERATE_INFOPLIST_FILE = YES;
				INFOPLIST_FILE = NetflixCloneSwiftUIMacOS/Info.plist;
				INFOPLIST_KEY_NSHumanReadableCopyright = "";
				LD_RUNPATH_SEARCH_PATHS = (
					"$(inherited)",
					"@executable_path/../Frameworks",
				);
				MARKETING_VERSION = 1.0;
				PRODUCT_BUNDLE_IDENTIFIER = barisozgen.NetflixCloneSwiftUIMacOS;
				PRODUCT_NAME = "$(TARGET_NAME)";
				SWIFT_EMIT_LOC_STRINGS = YES;
				SWIFT_VERSION = 5.0;
			};
			name = Debug;
		};
		AF6575C32926242E0069C2DF /* Release */ = {
			isa = XCBuildConfiguration;
			buildSettings = {
				ASSETCATALOG_COMPILER_APPICON_NAME = AppIcon;
				ASSETCATALOG_COMPILER_GLOBAL_ACCENT_COLOR_NAME = AccentColor;
				CODE_SIGN_ENTITLEMENTS = NetflixCloneSwiftUIMacOS/NetflixCloneSwiftUIMacOS.entitlements;
				CODE_SIGN_STYLE = Automatic;
				COMBINE_HIDPI_IMAGES = YES;
				CURRENT_PROJECT_VERSION = 1;
				DEVELOPMENT_ASSET_PATHS = "\"NetflixCloneSwiftUIMacOS/Preview Content\"";
				DEVELOPMENT_TEAM = SHP38F3EM7;
				ENABLE_HARDENED_RUNTIME = YES;
				ENABLE_PREVIEWS = YES;
				GENERATE_INFOPLIST_FILE = YES;
				INFOPLIST_FILE = NetflixCloneSwiftUIMacOS/Info.plist;
				INFOPLIST_KEY_NSHumanReadableCopyright = "";
				LD_RUNPATH_SEARCH_PATHS = (
					"$(inherited)",
					"@executable_path/../Frameworks",
				);
				MARKETING_VERSION = 1.0;
				PRODUCT_BUNDLE_IDENTIFIER = barisozgen.NetflixCloneSwiftUIMacOS;
				PRODUCT_NAME = "$(TARGET_NAME)";
				SWIFT_EMIT_LOC_STRINGS = YES;
				SWIFT_VERSION = 5.0;
			};
			name = Release;
		};
/* End XCBuildConfiguration section */

/* Begin XCConfigurationList section */
		AF6575AD2926242D0069C2DF /* Build configuration list for PBXProject "NetflixCloneSwiftUIMacOS" */ = {
			isa = XCConfigurationList;
			buildConfigurations = (
				AF6575BF2926242E0069C2DF /* Debug */,
				AF6575C02926242E0069C2DF /* Release */,
			);
			defaultConfigurationIsVisible = 0;
			defaultConfigurationName = Release;
		};
		AF6575C12926242E0069C2DF /* Build configuration list for PBXNativeTarget "NetflixCloneSwiftUIMacOS" */ = {
			isa = XCConfigurationList;
			buildConfigurations = (
				AF6575C22926242E0069C2DF /* Debug */,
				AF6575C32926242E0069C2DF /* Release */,
			);
			defaultConfigurationIsVisible = 0;
			defaultConfigurationName = Release;
		};
/* End XCConfigurationList section */

/* Begin XCRemoteSwiftPackageReference section */
		AF8FE8D02964239A00204EF7 /* XCRemoteSwiftPackageReference "realm-swift" */ = {
			isa = XCRemoteSwiftPackageReference;
			repositoryURL = "https://github.com/realm/realm-swift";
			requirement = {
				branch = master;
				kind = branch;
			};
		};
/* End XCRemoteSwiftPackageReference section */

/* Begin XCSwiftPackageProductDependency section */
		AF8FE8D12964239A00204EF7 /* Realm */ = {
			isa = XCSwiftPackageProductDependency;
			package = AF8FE8D02964239A00204EF7 /* XCRemoteSwiftPackageReference "realm-swift" */;
			productName = Realm;
		};
		AF8FE8D32964239A00204EF7 /* RealmSwift */ = {
			isa = XCSwiftPackageProductDependency;
			package = AF8FE8D02964239A00204EF7 /* XCRemoteSwiftPackageReference "realm-swift" */;
			productName = RealmSwift;
		};
/* End XCSwiftPackageProductDependency section */
	};
	rootObject = AF6575AA2926242D0069C2DF /* Project object */;
}
